Microsoft Visual Studio Solution File, Format Version 12.00
# Visual Studio Version 17
VisualStudioVersion = 17.5.2.0
MinimumVisualStudioVersion = 10.0.40219.1
Project("{FAE04EC0-301F-11D3-BF4B-00C04F79EFBC}") = "DuckDNSUpdater", "DuckDNSUpdater.csproj", "{EAC473BA-A62D-00CD-B0F5-08EF49D232AE}"
EndProject
Global
	GlobalSection(SolutionConfigurationPlatforms) = preSolution
		Debug|Any CPU = Debug|Any CPU
		Release|Any CPU = Release|Any CPU
	EndGlobalSection
	GlobalSection(ProjectConfigurationPlatforms) = postSolution
		{EAC473BA-A62D-00CD-B0F5-08EF49D232AE}.Debug|Any CPU.ActiveCfg = Debug|Any CPU
		{EAC473BA-A62D-00CD-B0F5-08EF49D232AE}.Debug|Any CPU.Build.0 = Debug|Any CPU
		{EAC473BA-A62D-00CD-B0F5-08EF49D232AE}.Release|Any CPU.ActiveCfg = Release|Any CPU
		{EAC473BA-A62D-00CD-B0F5-08EF49D232AE}.Release|Any CPU.Build.0 = Release|Any CPU
	EndGlobalSection
	GlobalSection(SolutionProperties) = preSolution
		HideSolutionNode = FALSE
	EndGlobalSection
	GlobalSection(ExtensibilityGlobals) = postSolution
		SolutionGuid = {84FBD186-DAC6-4D08-B3DE-9744C7A7F4CD}
	EndGlobalSection
EndGlobal
